
Microsoft Visual Studio Solution File, Format Version 12.00
# Visual Studio Version 17
VisualStudioVersion = 17.1.32328.378
MinimumVisualStudioVersion = 10.0.40219.1
Project("{FAE04EC0-301F-11D3-BF4B-00C04F79EFBC}") = "Gamification", "Gamification\Gamification.csproj", "{AA3893F5-5912-42F6-83D7-88D6D40F4EE2}"
EndProject
Global
	GlobalSection(SolutionConfigurationPlatforms) = preSolution
		Debug|Any CPU = Debug|Any CPU
		Release|Any CPU = Release|Any CPU
	EndGlobalSection
	GlobalSection(ProjectConfigurationPlatforms) = postSolution
		{AA3893F5-5912-42F6-83D7-88D6D40F4EE2}.Debug|Any CPU.ActiveCfg = Debug|Any CPU
		{AA3893F5-5912-42F6-83D7-88D6D40F4EE2}.Debug|Any CPU.Build.0 = Debug|Any CPU
		{AA3893F5-5912-42F6-83D7-88D6D40F4EE2}.Release|Any CPU.ActiveCfg = Release|Any CPU
		{AA3893F5-5912-42F6-83D7-88D6D40F4EE2}.Release|Any CPU.Build.0 = Release|Any CPU
	EndGlobalSection
	GlobalSection(SolutionProperties) = preSolution
		HideSolutionNode = FALSE
	EndGlobalSection
	GlobalSection(ExtensibilityGlobals) = postSolution
		SolutionGuid = {73EA8362-F239-4DD3-BACD-6AE24A134CF4}
	EndGlobalSection
EndGlobal
